// !$*UTF8*$!
{
	archiveVersion = 1;
	classes = {
	};
	objectVersion = 46;
	objects = {

/* Begin PBXBuildFile section */
		A6A49A0C1D1ECE7100976AC3 /* LoginButton.m in Sources */ = {isa = PBXBuildFile; fileRef = A6A49A091D1ECE7100976AC3 /* LoginButton.m */; };
		A6A49A0D1D1ECE7100976AC3 /* LoginButtonManager.m in Sources */ = {isa = PBXBuildFile; fileRef = A6A49A0B1D1ECE7100976AC3 /* LoginButtonManager.m */; };
/* End PBXBuildFile section */

/* Begin PBXCopyFilesBuildPhase section */
		A6A499F41D1ECC2B00976AC3 /* CopyFiles */ = {
			isa = PBXCopyFilesBuildPhase;
			buildActionMask = 2147483647;
			dstPath = "include/$(PRODUCT_NAME)";
			dstSubfolderSpec = 16;
			files = (
			);
			runOnlyForDeploymentPostprocessing = 0;
		};
/* End PBXCopyFilesBuildPhase section */

/* Begin PBXFileReference section */
		A6A499F61D1ECC2B00976AC3 /* libRNUberRides.a */ = {isa = PBXFileReference; explicitFileType = archive.ar; includeInIndex = 0; path = libRNUberRides.a; sourceTree = BUILT_PRODUCTS_DIR; };
		A6A49A081D1ECE7100976AC3 /* LoginButton.h */ = {isa = PBXFileReference; fileEncoding = 4; lastKnownFileType = sourcecode.c.h; path = LoginButton.h; sourceTree = "<group>"; };
		A6A49A091D1ECE7100976AC3 /* LoginButton.m */ = {isa = PBXFileReference; fileEncoding = 4; lastKnownFileType = sourcecode.c.objc; path = LoginButton.m; sourceTree = "<group>"; };
		A6A49A0A1D1ECE7100976AC3 /* LoginButtonManager.h */ = {isa = PBXFileReference; fileEncoding = 4; lastKnownFileType = sourcecode.c.h; path = LoginButtonManager.h; sourceTree = "<group>"; };
		A6A49A0B1D1ECE7100976AC3 /* LoginButtonManager.m */ = {isa = PBXFileReference; fileEncoding = 4; lastKnownFileType = sourcecode.c.objc; path = LoginButtonManager.m; sourceTree = "<group>"; };
/* End PBXFileReference section */

/* Begin PBXFrameworksBuildPhase section */
		A6A499F31D1ECC2B00976AC3 /* Frameworks */ = {
			isa = PBXFrameworksBuildPhase;
			buildActionMask = 2147483647;
			files = (
			);
			runOnlyForDeploymentPostprocessing = 0;
		};
/* End PBXFrameworksBuildPhase section */

/* Begin PBXGroup section */
		A6A499ED1D1ECC2B00976AC3 = {
			isa = PBXGroup;
			children = (
				A6A499F81D1ECC2B00976AC3 /* RNUberRides */,
				A6A499F71D1ECC2B00976AC3 /* Products */,
			);
			sourceTree = "<group>";
		};
		A6A499F71D1ECC2B00976AC3 /* Products */ = {
			isa = PBXGroup;
			children = (
				A6A499F61D1ECC2B00976AC3 /* libRNUberRides.a */,
			);
			name = Products;
			sourceTree = "<group>";
		};
		A6A499F81D1ECC2B00976AC3 /* RNUberRides */ = {
			isa = PBXGroup;
			children = (
				A6A49A081D1ECE7100976AC3 /* LoginButton.h */,
				A6A49A091D1ECE7100976AC3 /* LoginButton.m */,
				A6A49A0A1D1ECE7100976AC3 /* LoginButtonManager.h */,
				A6A49A0B1D1ECE7100976AC3 /* LoginButtonManager.m */,
			);
			path = RNUberRides;
			sourceTree = "<group>";
		};
/* End PBXGroup section */

/* Begin PBXNativeTarget section */
		A6A499F51D1ECC2B00976AC3 /* RNUberRides */ = {
			isa = PBXNativeTarget;
			buildConfigurationList = A6A499FF1D1ECC2B00976AC3 /* Build configuration list for PBXNativeTarget "RNUberRides" */;
			buildPhases = (
				A6A499F21D1ECC2B00976AC3 /* Sources */,
				A6A499F31D1ECC2B00976AC3 /* Frameworks */,
				A6A499F41D1ECC2B00976AC3 /* CopyFiles */,
			);
			buildRules = (
			);
			dependencies = (
			);
			name = RNUberRides;
			productName = RNUberRides;
			productReference = A6A499F61D1ECC2B00976AC3 /* libRNUberRides.a */;
			productType = "com.apple.product-type.library.static";
		};
/* End PBXNativeTarget section */

/* Begin PBXProject section */
		A6A499EE1D1ECC2B00976AC3 /* Project object */ = {
			isa = PBXProject;
			attributes = {
				LastUpgradeCheck = 0730;
				ORGANIZATIONNAME = RNUber;
				TargetAttributes = {
					A6A499F51D1ECC2B00976AC3 = {
						CreatedOnToolsVersion = 7.3.1;
						DevelopmentTeam = J966JLDEF9;
					};
				};
			};
			buildConfigurationList = A6A499F11D1ECC2B00976AC3 /* Build configuration list for PBXProject "RNUberRides" */;
			compatibilityVersion = "Xcode 3.2";
			developmentRegion = English;
			hasScannedForEncodings = 0;
			knownRegions = (
				en,
			);
			mainGroup = A6A499ED1D1ECC2B00976AC3;
			productRefGroup = A6A499F71D1ECC2B00976AC3 /* Products */;
			projectDirPath = "";
			projectRoot = "";
			targets = (
				A6A499F51D1ECC2B00976AC3 /* RNUberRides */,
			);
		};
/* End PBXProject section */

/* Begin PBXSourcesBuildPhase section */
		A6A499F21D1ECC2B00976AC3 /* Sources */ = {
			isa = PBXSourcesBuildPhase;
			buildActionMask = 2147483647;
			files = (
				A6A49A0C1D1ECE7100976AC3 /* LoginButton.m in Sources */,
				A6A49A0D1D1ECE7100976AC3 /* LoginButtonManager.m in Sources */,
			);
			runOnlyForDeploymentPostprocessing = 0;
		};
/* End PBXSourcesBuildPhase section */

/* Begin XCBuildConfiguration section */
		A6A499FD1D1ECC2B00976AC3 /* Debug */ = {
			isa = XCBuildConfiguration;
			buildSettings = {
				ALWAYS_SEARCH_USER_PATHS = NO;
				CLANG_ANALYZER_NONNULL = YES;
				CLANG_CXX_LANGUAGE_STANDARD = "gnu++0x";
				CLANG_CXX_LIBRARY = "libc++";
				CLANG_ENABLE_MODULES = YES;
				CLANG_ENABLE_OBJC_ARC = YES;
				CLANG_WARN_BOOL_CONVERSION = YES;
				CLANG_WARN_CONSTANT_CONVERSION = YES;
				CLANG_WARN_DIRECT_OBJC_ISA_USAGE = YES_ERROR;
				CLANG_WARN_EMPTY_BODY = YES;
				CLANG_WARN_ENUM_CONVERSION = YES;
				CLANG_WARN_INT_CONVERSION = YES;
				CLANG_WARN_OBJC_ROOT_CLASS = YES_ERROR;
				CLANG_WARN_UNREACHABLE_CODE = YES;
				CLANG_WARN__DUPLICATE_METHOD_MATCH = YES;
				"CODE_SIGN_IDENTITY[sdk=iphoneos*]" = "iPhone Developer";
				COPY_PHASE_STRIP = NO;
				DEBUG_INFORMATION_FORMAT = dwarf;
				ENABLE_STRICT_OBJC_MSGSEND = YES;
				ENABLE_TESTABILITY = YES;
				GCC_C_LANGUAGE_STANDARD = gnu99;
				GCC_DYNAMIC_NO_PIC = NO;
				GCC_NO_COMMON_BLOCKS = YES;
				GCC_OPTIMIZATION_LEVEL = 0;
				GCC_PREPROCESSOR_DEFINITIONS = (
					"DEBUG=1",
					"$(inherited)",
				);
				GCC_WARN_64_TO_32_BIT_CONVERSION = YES;
				GCC_WARN_ABOUT_RETURN_TYPE = YES_ERROR;
				GCC_WARN_UNDECLARED_SELECTOR = YES;
				GCC_WARN_UNINITIALIZED_AUTOS = YES_AGGRESSIVE;
				GCC_WARN_UNUSED_FUNCTION = YES;
				GCC_WARN_UNUSED_VARIABLE = YES;
				IPHONEOS_DEPLOYMENT_TARGET = 9.3;
				MTL_ENABLE_DEBUG_INFO = YES;
				ONLY_ACTIVE_ARCH = YES;
				SDKROOT = iphoneos;
			};
			name = Debug;
		};
		A6A499FE1D1ECC2B00976AC3 /* Release */ = {
			isa = XCBuildConfiguration;
			buildSettings = {
				ALWAYS_SEARCH_USER_PATHS = NO;
				CLANG_ANALYZER_NONNULL = YES;
				CLANG_CXX_LANGUAGE_STANDARD = "gnu++0x";
				CLANG_CXX_LIBRARY = "libc++";
				CLANG_ENABLE_MODULES = YES;
				CLANG_ENABLE_OBJC_ARC = YES;
				CLANG_WARN_BOOL_CONVERSION = YES;
				CLANG_WARN_CONSTANT_CONVERSION = YES;
				CLANG_WARN_DIRECT_OBJC_ISA_USAGE = YES_ERROR;
				CLANG_WARN_EMPTY_BODY = YES;
				CLANG_WARN_ENUM_CONVERSION = YES;
				CLANG_WARN_INT_CONVERSION = YES;
				CLANG_WARN_OBJC_ROOT_CLASS = YES_ERROR;
				CLANG_WARN_UNREACHABLE_CODE = YES;
				CLANG_WARN__DUPLICATE_METHOD_MATCH = YES;
				"CODE_SIGN_IDENTITY[sdk=iphoneos*]" = "iPhone Developer";
				COPY_PHASE_STRIP = NO;
				DEBUG_INFORMATION_FORMAT = "dwarf-with-dsym";
				ENABLE_NS_ASSERTIONS = NO;
				ENABLE_STRICT_OBJC_MSGSEND = YES;
				GCC_C_LANGUAGE_STANDARD = gnu99;
				GCC_NO_COMMON_BLOCKS = YES;
				GCC_WARN_64_TO_32_BIT_CONVERSION = YES;
				GCC_WARN_ABOUT_RETURN_TYPE = YES_ERROR;
				GCC_WARN_UNDECLARED_SELECTOR = YES;
				GCC_WARN_UNINITIALIZED_AUTOS = YES_AGGRESSIVE;
				GCC_WARN_UNUSED_FUNCTION = YES;
				GCC_WARN_UNUSED_VARIABLE = YES;
				IPHONEOS_DEPLOYMENT_TARGET = 9.3;
				MTL_ENABLE_DEBUG_INFO = NO;
				SDKROOT = iphoneos;
				VALIDATE_PRODUCT = YES;
			};
			name = Release;
		};
		A6A49A001D1ECC2B00976AC3 /* Debug */ = {
			isa = XCBuildConfiguration;
			buildSettings = {
				OTHER_LDFLAGS = "-ObjC";
				PRODUCT_NAME = "$(TARGET_NAME)";
				SKIP_INSTALL = YES;
			};
			name = Debug;
		};
		A6A49A011D1ECC2B00976AC3 /* Release */ = {
			isa = XCBuildConfiguration;
			buildSettings = {
				OTHER_LDFLAGS = "-ObjC";
				PRODUCT_NAME = "$(TARGET_NAME)";
				SKIP_INSTALL = YES;
			};
			name = Release;
		};
/* End XCBuildConfiguration section */

/* Begin XCConfigurationList section */
		A6A499F11D1ECC2B00976AC3 /* Build configuration list for PBXProject "RNUberRides" */ = {
			isa = XCConfigurationList;
			buildConfigurations = (
				A6A499FD1D1ECC2B00976AC3 /* Debug */,
				A6A499FE1D1ECC2B00976AC3 /* Release */,
			);
			defaultConfigurationIsVisible = 0;
			defaultConfigurationName = Release;
		};
		A6A499FF1D1ECC2B00976AC3 /* Build configuration list for PBXNativeTarget "RNUberRides" */ = {
			isa = XCConfigurationList;
			buildConfigurations = (
				A6A49A001D1ECC2B00976AC3 /* Debug */,
				A6A49A011D1ECC2B00976AC3 /* Release */,
			);
			defaultConfigurationIsVisible = 0;
			defaultConfigurationName = Release;
		};
/* End XCConfigurationList section */
	};
	rootObject = A6A499EE1D1ECC2B00976AC3 /* Project object */;
}
