// !$*UTF8*$!
{
	archiveVersion = 1;
	classes = {
	};
	objectVersion = 46;
	objects = {

/* Begin PBXBuildFile section */
		A61FEB1F1D25326800F770F1 /* RNUberSDK.h in Headers */ = {isa = PBXBuildFile; fileRef = A61FEB1E1D25326800F770F1 /* RNUberSDK.h */; settings = {ATTRIBUTES = (Public, ); }; };
		A61FEB971D25788E00F770F1 /* UberRides.framework in Frameworks */ = {isa = PBXBuildFile; fileRef = A61FEB921D25786500F770F1 /* UberRides.framework */; };
		A6652B3F1D272B4E000FFE69 /* ObjectMapper.framework in Frameworks */ = {isa = PBXBuildFile; fileRef = A61FEB631D25783600F770F1 /* ObjectMapper.framework */; };
		A6652B881D272C30000FFE69 /* OHHTTPStubs.framework in Frameworks */ = {isa = PBXBuildFile; fileRef = A6652B7D1D272C0C000FFE69 /* OHHTTPStubs.framework */; };
/* End PBXBuildFile section */

/* Begin PBXContainerItemProxy section */
		A61FEB621D25783600F770F1 /* PBXContainerItemProxy */ = {
			isa = PBXContainerItemProxy;
			containerPortal = A61FEB581D25783600F770F1 /* ObjectMapper.xcodeproj */;
			proxyType = 2;
			remoteGlobalIDString = 6AAC8F7619F03C2900E7A677;
			remoteInfo = "ObjectMapper-iOS";
		};
		A61FEB641D25783600F770F1 /* PBXContainerItemProxy */ = {
			isa = PBXContainerItemProxy;
			containerPortal = A61FEB581D25783600F770F1 /* ObjectMapper.xcodeproj */;
			proxyType = 2;
			remoteGlobalIDString = CD1602FF1AC023D5000CD69A;
			remoteInfo = "ObjectMapper-Mac";
		};
		A61FEB661D25783600F770F1 /* PBXContainerItemProxy */ = {
			isa = PBXContainerItemProxy;
			containerPortal = A61FEB581D25783600F770F1 /* ObjectMapper.xcodeproj */;
			proxyType = 2;
			remoteGlobalIDString = 6A2AD03D1B2C78540097E150;
			remoteInfo = "ObjectMapper-watchOS";
		};
		A61FEB681D25783600F770F1 /* PBXContainerItemProxy */ = {
			isa = PBXContainerItemProxy;
			containerPortal = A61FEB581D25783600F770F1 /* ObjectMapper.xcodeproj */;
			proxyType = 2;
			remoteGlobalIDString = 6A05B7A61BE274BE00F19B53;
			remoteInfo = "ObjectMapper-tvOS";
		};
		A61FEB6A1D25783600F770F1 /* PBXContainerItemProxy */ = {
			isa = PBXContainerItemProxy;
			containerPortal = A61FEB581D25783600F770F1 /* ObjectMapper.xcodeproj */;
			proxyType = 2;
			remoteGlobalIDString = 6AAC8F8119F03C2900E7A677;
			remoteInfo = "ObjectMapper-iOSTests";
		};
		A61FEB6C1D25783600F770F1 /* PBXContainerItemProxy */ = {
			isa = PBXContainerItemProxy;
			containerPortal = A61FEB581D25783600F770F1 /* ObjectMapper.xcodeproj */;
			proxyType = 2;
			remoteGlobalIDString = CD1603091AC023D6000CD69A;
			remoteInfo = "ObjectMapper-MacTests";
		};
		A61FEB6E1D25783600F770F1 /* PBXContainerItemProxy */ = {
			isa = PBXContainerItemProxy;
			containerPortal = A61FEB581D25783600F770F1 /* ObjectMapper.xcodeproj */;
			proxyType = 2;
			remoteGlobalIDString = 6A05B7AF1BE274BE00F19B53;
			remoteInfo = "ObjectMapper-tvOSTests";
		};
		A61FEB911D25786500F770F1 /* PBXContainerItemProxy */ = {
			isa = PBXContainerItemProxy;
			containerPortal = A61FEB8B1D25786500F770F1 /* UberRides.xcodeproj */;
			proxyType = 2;
			remoteGlobalIDString = AC0404751BFACD1D00AC1501;
			remoteInfo = UberRides;
		};
		A6652B781D272C0C000FFE69 /* PBXContainerItemProxy */ = {
			isa = PBXContainerItemProxy;
			containerPortal = A6652B6D1D272C0C000FFE69 /* OHHTTPStubs.xcodeproj */;
			proxyType = 2;
			remoteGlobalIDString = 09110A4119805F4800D175E4;
			remoteInfo = "OHHTTPStubs iOS StaticLib";
		};
		A6652B7A1D272C0C000FFE69 /* PBXContainerItemProxy */ = {
			isa = PBXContainerItemProxy;
			containerPortal = A6652B6D1D272C0C000FFE69 /* OHHTTPStubs.xcodeproj */;
			proxyType = 2;
			remoteGlobalIDString = 09110A5119805F4800D175E4;
			remoteInfo = "OHHTTPStubs iOS Lib Tests";
		};
		A6652B7C1D272C0C000FFE69 /* PBXContainerItemProxy */ = {
			isa = PBXContainerItemProxy;
			containerPortal = A6652B6D1D272C0C000FFE69 /* OHHTTPStubs.xcodeproj */;
			proxyType = 2;
			remoteGlobalIDString = 725CD99B1A9EB65100F84C8B;
			remoteInfo = "OHHTTPStubs iOS Framework";
		};
		A6652B7E1D272C0C000FFE69 /* PBXContainerItemProxy */ = {
			isa = PBXContainerItemProxy;
			containerPortal = A6652B6D1D272C0C000FFE69 /* OHHTTPStubs.xcodeproj */;
			proxyType = 2;
			remoteGlobalIDString = 093442F91B80EC4A00A91535;
			remoteInfo = "OHHTTPStubs iOS Fmk Tests";
		};
		A6652B801D272C0C000FFE69 /* PBXContainerItemProxy */ = {
			isa = PBXContainerItemProxy;
			containerPortal = A6652B6D1D272C0C000FFE69 /* OHHTTPStubs.xcodeproj */;
			proxyType = 2;
			remoteGlobalIDString = 095981C219806A7900807DBE;
			remoteInfo = "OHHTTPStubs Mac Framework";
		};
		A6652B821D272C0C000FFE69 /* PBXContainerItemProxy */ = {
			isa = PBXContainerItemProxy;
			containerPortal = A6652B6D1D272C0C000FFE69 /* OHHTTPStubs.xcodeproj */;
			proxyType = 2;
			remoteGlobalIDString = 095981D219806A7900807DBE;
			remoteInfo = "OHHTTPStubs Mac Tests";
		};
		A6652B841D272C0C000FFE69 /* PBXContainerItemProxy */ = {
			isa = PBXContainerItemProxy;
			containerPortal = A6652B6D1D272C0C000FFE69 /* OHHTTPStubs.xcodeproj */;
			proxyType = 2;
			remoteGlobalIDString = EAA436A51BE1598D000E9E99;
			remoteInfo = "OHHTTPStubs tvOS Framework";
		};
		A6652B861D272C0C000FFE69 /* PBXContainerItemProxy */ = {
			isa = PBXContainerItemProxy;
			containerPortal = A6652B6D1D272C0C000FFE69 /* OHHTTPStubs.xcodeproj */;
			proxyType = 2;
			remoteGlobalIDString = EA100AB71BE15BE400129352;
			remoteInfo = "OHHTTPStubs tvOS Fmk Tests";
		};
/* End PBXContainerItemProxy section */

/* Begin PBXFileReference section */
		A61FEB1B1D25326800F770F1 /* RNUberSDK.framework */ = {isa = PBXFileReference; explicitFileType = wrapper.framework; includeInIndex = 0; path = RNUberSDK.framework; sourceTree = BUILT_PRODUCTS_DIR; };
		A61FEB1E1D25326800F770F1 /* RNUberSDK.h */ = {isa = PBXFileReference; lastKnownFileType = sourcecode.c.h; path = RNUberSDK.h; sourceTree = "<group>"; };
		A61FEB201D25326800F770F1 /* Info.plist */ = {isa = PBXFileReference; lastKnownFileType = text.plist.xml; path = Info.plist; sourceTree = "<group>"; };
		A61FEB581D25783600F770F1 /* ObjectMapper.xcodeproj */ = {isa = PBXFileReference; lastKnownFileType = "wrapper.pb-project"; name = ObjectMapper.xcodeproj; path = ObjectMapper/ObjectMapper.xcodeproj; sourceTree = "<group>"; };
		A61FEB8B1D25786500F770F1 /* UberRides.xcodeproj */ = {isa = PBXFileReference; lastKnownFileType = "wrapper.pb-project"; path = UberRides.xcodeproj; sourceTree = "<group>"; };
		A6652B6D1D272C0C000FFE69 /* OHHTTPStubs.xcodeproj */ = {isa = PBXFileReference; lastKnownFileType = "wrapper.pb-project"; name = OHHTTPStubs.xcodeproj; path = OHHTTPStubs/OHHTTPStubs.xcodeproj; sourceTree = "<group>"; };
/* End PBXFileReference section */

/* Begin PBXFrameworksBuildPhase section */
		A61FEB171D25326800F770F1 /* Frameworks */ = {
			isa = PBXFrameworksBuildPhase;
			buildActionMask = 2147483647;
			files = (
				A6652B881D272C30000FFE69 /* OHHTTPStubs.framework in Frameworks */,
				A6652B3F1D272B4E000FFE69 /* ObjectMapper.framework in Frameworks */,
				A61FEB971D25788E00F770F1 /* UberRides.framework in Frameworks */,
			);
			runOnlyForDeploymentPostprocessing = 0;
		};
/* End PBXFrameworksBuildPhase section */

/* Begin PBXGroup section */
		A61FEB111D25326800F770F1 = {
			isa = PBXGroup;
			children = (
				A61FEB571D25781E00F770F1 /* Libraries */,
				A61FEB1D1D25326800F770F1 /* RNUberSDK */,
				A61FEB1C1D25326800F770F1 /* Products */,
			);
			sourceTree = "<group>";
		};
		A61FEB1C1D25326800F770F1 /* Products */ = {
			isa = PBXGroup;
			children = (
				A61FEB1B1D25326800F770F1 /* RNUberSDK.framework */,
			);
			name = Products;
			sourceTree = "<group>";
		};
		A61FEB1D1D25326800F770F1 /* RNUberSDK */ = {
			isa = PBXGroup;
			children = (
				A61FEB1E1D25326800F770F1 /* RNUberSDK.h */,
				A61FEB201D25326800F770F1 /* Info.plist */,
			);
			path = RNUberSDK;
			sourceTree = "<group>";
		};
		A61FEB571D25781E00F770F1 /* Libraries */ = {
			isa = PBXGroup;
			children = (
				A6652B6D1D272C0C000FFE69 /* OHHTTPStubs.xcodeproj */,
				A61FEB8B1D25786500F770F1 /* UberRides.xcodeproj */,
				A61FEB581D25783600F770F1 /* ObjectMapper.xcodeproj */,
			);
			name = Libraries;
			sourceTree = "<group>";
		};
		A61FEB591D25783600F770F1 /* Products */ = {
			isa = PBXGroup;
			children = (
				A61FEB631D25783600F770F1 /* ObjectMapper.framework */,
				A61FEB651D25783600F770F1 /* ObjectMapper.framework */,
				A61FEB671D25783600F770F1 /* ObjectMapper.framework */,
				A61FEB691D25783600F770F1 /* ObjectMapper.framework */,
				A61FEB6B1D25783600F770F1 /* ObjectMapper-iOSTests.xctest */,
				A61FEB6D1D25783600F770F1 /* ObjectMapper-MacTests.xctest */,
				A61FEB6F1D25783600F770F1 /* ObjectMapper-tvOSTests.xctest */,
			);
			name = Products;
			sourceTree = "<group>";
		};
		A61FEB8C1D25786500F770F1 /* Products */ = {
			isa = PBXGroup;
			children = (
				A61FEB921D25786500F770F1 /* UberRides.framework */,
			);
			name = Products;
			sourceTree = "<group>";
		};
		A6652B6E1D272C0C000FFE69 /* Products */ = {
			isa = PBXGroup;
			children = (
				A6652B791D272C0C000FFE69 /* libOHHTTPStubs.a */,
				A6652B7B1D272C0C000FFE69 /* OHHTTPStubs iOS Lib Tests.xctest */,
				A6652B7D1D272C0C000FFE69 /* OHHTTPStubs.framework */,
				A6652B7F1D272C0C000FFE69 /* OHHTTPStubs iOS Fmk Tests.xctest */,
				A6652B811D272C0C000FFE69 /* OHHTTPStubs.framework */,
				A6652B831D272C0C000FFE69 /* OHHTTPStubs Mac Tests.xctest */,
				A6652B851D272C0C000FFE69 /* OHHTTPStubs.framework */,
				A6652B871D272C0C000FFE69 /* OHHTTPStubs tvOS Fmk Tests.xctest */,
			);
			name = Products;
			sourceTree = "<group>";
		};
/* End PBXGroup section */

/* Begin PBXHeadersBuildPhase section */
		A61FEB181D25326800F770F1 /* Headers */ = {
			isa = PBXHeadersBuildPhase;
			buildActionMask = 2147483647;
			files = (
				A61FEB1F1D25326800F770F1 /* RNUberSDK.h in Headers */,
			);
			runOnlyForDeploymentPostprocessing = 0;
		};
/* End PBXHeadersBuildPhase section */

/* Begin PBXNativeTarget section */
		A61FEB1A1D25326800F770F1 /* RNUberSDK */ = {
			isa = PBXNativeTarget;
			buildConfigurationList = A61FEB231D25326800F770F1 /* Build configuration list for PBXNativeTarget "RNUberSDK" */;
			buildPhases = (
				A61FEB161D25326800F770F1 /* Sources */,
				A61FEB171D25326800F770F1 /* Frameworks */,
				A61FEB181D25326800F770F1 /* Headers */,
				A61FEB191D25326800F770F1 /* Resources */,
			);
			buildRules = (
			);
			dependencies = (
			);
			name = RNUberSDK;
			productName = RNUberSDK;
			productReference = A61FEB1B1D25326800F770F1 /* RNUberSDK.framework */;
			productType = "com.apple.product-type.framework";
		};
/* End PBXNativeTarget section */

/* Begin PBXProject section */
		A61FEB121D25326800F770F1 /* Project object */ = {
			isa = PBXProject;
			attributes = {
				LastUpgradeCheck = 0730;
				ORGANIZATIONNAME = oss;
				TargetAttributes = {
					A61FEB1A1D25326800F770F1 = {
						CreatedOnToolsVersion = 7.3.1;
						DevelopmentTeam = J966JLDEF9;
					};
				};
			};
			buildConfigurationList = A61FEB151D25326800F770F1 /* Build configuration list for PBXProject "RNUberSDK" */;
			compatibilityVersion = "Xcode 3.2";
			developmentRegion = English;
			hasScannedForEncodings = 0;
			knownRegions = (
				en,
			);
			mainGroup = A61FEB111D25326800F770F1;
			productRefGroup = A61FEB1C1D25326800F770F1 /* Products */;
			projectDirPath = "";
			projectReferences = (
				{
					ProductGroup = A61FEB591D25783600F770F1 /* Products */;
					ProjectRef = A61FEB581D25783600F770F1 /* ObjectMapper.xcodeproj */;
				},
				{
					ProductGroup = A6652B6E1D272C0C000FFE69 /* Products */;
					ProjectRef = A6652B6D1D272C0C000FFE69 /* OHHTTPStubs.xcodeproj */;
				},
				{
					ProductGroup = A61FEB8C1D25786500F770F1 /* Products */;
					ProjectRef = A61FEB8B1D25786500F770F1 /* UberRides.xcodeproj */;
				},
			);
			projectRoot = "";
			targets = (
				A61FEB1A1D25326800F770F1 /* RNUberSDK */,
			);
		};
/* End PBXProject section */

/* Begin PBXReferenceProxy section */
		A61FEB631D25783600F770F1 /* ObjectMapper.framework */ = {
			isa = PBXReferenceProxy;
			fileType = wrapper.framework;
			path = ObjectMapper.framework;
			remoteRef = A61FEB621D25783600F770F1 /* PBXContainerItemProxy */;
			sourceTree = BUILT_PRODUCTS_DIR;
		};
		A61FEB651D25783600F770F1 /* ObjectMapper.framework */ = {
			isa = PBXReferenceProxy;
			fileType = wrapper.framework;
			path = ObjectMapper.framework;
			remoteRef = A61FEB641D25783600F770F1 /* PBXContainerItemProxy */;
			sourceTree = BUILT_PRODUCTS_DIR;
		};
		A61FEB671D25783600F770F1 /* ObjectMapper.framework */ = {
			isa = PBXReferenceProxy;
			fileType = wrapper.framework;
			path = ObjectMapper.framework;
			remoteRef = A61FEB661D25783600F770F1 /* PBXContainerItemProxy */;
			sourceTree = BUILT_PRODUCTS_DIR;
		};
		A61FEB691D25783600F770F1 /* ObjectMapper.framework */ = {
			isa = PBXReferenceProxy;
			fileType = wrapper.framework;
			path = ObjectMapper.framework;
			remoteRef = A61FEB681D25783600F770F1 /* PBXContainerItemProxy */;
			sourceTree = BUILT_PRODUCTS_DIR;
		};
		A61FEB6B1D25783600F770F1 /* ObjectMapper-iOSTests.xctest */ = {
			isa = PBXReferenceProxy;
			fileType = wrapper.cfbundle;
			path = "ObjectMapper-iOSTests.xctest";
			remoteRef = A61FEB6A1D25783600F770F1 /* PBXContainerItemProxy */;
			sourceTree = BUILT_PRODUCTS_DIR;
		};
		A61FEB6D1D25783600F770F1 /* ObjectMapper-MacTests.xctest */ = {
			isa = PBXReferenceProxy;
			fileType = wrapper.cfbundle;
			path = "ObjectMapper-MacTests.xctest";
			remoteRef = A61FEB6C1D25783600F770F1 /* PBXContainerItemProxy */;
			sourceTree = BUILT_PRODUCTS_DIR;
		};
		A61FEB6F1D25783600F770F1 /* ObjectMapper-tvOSTests.xctest */ = {
			isa = PBXReferenceProxy;
			fileType = wrapper.cfbundle;
			path = "ObjectMapper-tvOSTests.xctest";
			remoteRef = A61FEB6E1D25783600F770F1 /* PBXContainerItemProxy */;
			sourceTree = BUILT_PRODUCTS_DIR;
		};
		A61FEB921D25786500F770F1 /* UberRides.framework */ = {
			isa = PBXReferenceProxy;
			fileType = wrapper.framework;
			path = UberRides.framework;
			remoteRef = A61FEB911D25786500F770F1 /* PBXContainerItemProxy */;
			sourceTree = BUILT_PRODUCTS_DIR;
		};
		A6652B791D272C0C000FFE69 /* libOHHTTPStubs.a */ = {
			isa = PBXReferenceProxy;
			fileType = archive.ar;
			path = libOHHTTPStubs.a;
			remoteRef = A6652B781D272C0C000FFE69 /* PBXContainerItemProxy */;
			sourceTree = BUILT_PRODUCTS_DIR;
		};
		A6652B7B1D272C0C000FFE69 /* OHHTTPStubs iOS Lib Tests.xctest */ = {
			isa = PBXReferenceProxy;
			fileType = wrapper.cfbundle;
			path = "OHHTTPStubs iOS Lib Tests.xctest";
			remoteRef = A6652B7A1D272C0C000FFE69 /* PBXContainerItemProxy */;
			sourceTree = BUILT_PRODUCTS_DIR;
		};
		A6652B7D1D272C0C000FFE69 /* OHHTTPStubs.framework */ = {
			isa = PBXReferenceProxy;
			fileType = wrapper.framework;
			path = OHHTTPStubs.framework;
			remoteRef = A6652B7C1D272C0C000FFE69 /* PBXContainerItemProxy */;
			sourceTree = BUILT_PRODUCTS_DIR;
		};
		A6652B7F1D272C0C000FFE69 /* OHHTTPStubs iOS Fmk Tests.xctest */ = {
			isa = PBXReferenceProxy;
			fileType = wrapper.cfbundle;
			path = "OHHTTPStubs iOS Fmk Tests.xctest";
			remoteRef = A6652B7E1D272C0C000FFE69 /* PBXContainerItemProxy */;
			sourceTree = BUILT_PRODUCTS_DIR;
		};
		A6652B811D272C0C000FFE69 /* OHHTTPStubs.framework */ = {
			isa = PBXReferenceProxy;
			fileType = wrapper.framework;
			path = OHHTTPStubs.framework;
			remoteRef = A6652B801D272C0C000FFE69 /* PBXContainerItemProxy */;
			sourceTree = BUILT_PRODUCTS_DIR;
		};
		A6652B831D272C0C000FFE69 /* OHHTTPStubs Mac Tests.xctest */ = {
			isa = PBXReferenceProxy;
			fileType = wrapper.cfbundle;
			path = "OHHTTPStubs Mac Tests.xctest";
			remoteRef = A6652B821D272C0C000FFE69 /* PBXContainerItemProxy */;
			sourceTree = BUILT_PRODUCTS_DIR;
		};
		A6652B851D272C0C000FFE69 /* OHHTTPStubs.framework */ = {
			isa = PBXReferenceProxy;
			fileType = wrapper.framework;
			path = OHHTTPStubs.framework;
			remoteRef = A6652B841D272C0C000FFE69 /* PBXContainerItemProxy */;
			sourceTree = BUILT_PRODUCTS_DIR;
		};
		A6652B871D272C0C000FFE69 /* OHHTTPStubs tvOS Fmk Tests.xctest */ = {
			isa = PBXReferenceProxy;
			fileType = wrapper.cfbundle;
			path = "OHHTTPStubs tvOS Fmk Tests.xctest";
			remoteRef = A6652B861D272C0C000FFE69 /* PBXContainerItemProxy */;
			sourceTree = BUILT_PRODUCTS_DIR;
		};
/* End PBXReferenceProxy section */

/* Begin PBXResourcesBuildPhase section */
		A61FEB191D25326800F770F1 /* Resources */ = {
			isa = PBXResourcesBuildPhase;
			buildActionMask = 2147483647;
			files = (
			);
			runOnlyForDeploymentPostprocessing = 0;
		};
/* End PBXResourcesBuildPhase section */

/* Begin PBXSourcesBuildPhase section */
		A61FEB161D25326800F770F1 /* Sources */ = {
			isa = PBXSourcesBuildPhase;
			buildActionMask = 2147483647;
			files = (
			);
			runOnlyForDeploymentPostprocessing = 0;
		};
/* End PBXSourcesBuildPhase section */

/* Begin XCBuildConfiguration section */
		A61FEB211D25326800F770F1 /* Debug */ = {
			isa = XCBuildConfiguration;
			buildSettings = {
				ALWAYS_SEARCH_USER_PATHS = NO;
				CLANG_ANALYZER_NONNULL = YES;
				CLANG_CXX_LANGUAGE_STANDARD = "gnu++0x";
				CLANG_CXX_LIBRARY = "libc++";
				CLANG_ENABLE_MODULES = YES;
				CLANG_ENABLE_OBJC_ARC = YES;
				CLANG_WARN_BOOL_CONVERSION = YES;
				CLANG_WARN_CONSTANT_CONVERSION = YES;
				CLANG_WARN_DIRECT_OBJC_ISA_USAGE = YES_ERROR;
				CLANG_WARN_EMPTY_BODY = YES;
				CLANG_WARN_ENUM_CONVERSION = YES;
				CLANG_WARN_INT_CONVERSION = YES;
				CLANG_WARN_OBJC_ROOT_CLASS = YES_ERROR;
				CLANG_WARN_UNREACHABLE_CODE = YES;
				CLANG_WARN__DUPLICATE_METHOD_MATCH = YES;
				"CODE_SIGN_IDENTITY[sdk=iphoneos*]" = "iPhone Developer";
				COPY_PHASE_STRIP = NO;
				CURRENT_PROJECT_VERSION = 1;
				DEBUG_INFORMATION_FORMAT = dwarf;
				ENABLE_STRICT_OBJC_MSGSEND = YES;
				ENABLE_TESTABILITY = YES;
				GCC_C_LANGUAGE_STANDARD = gnu99;
				GCC_DYNAMIC_NO_PIC = NO;
				GCC_NO_COMMON_BLOCKS = YES;
				GCC_OPTIMIZATION_LEVEL = 0;
				GCC_PREPROCESSOR_DEFINITIONS = (
					"DEBUG=1",
					"$(inherited)",
				);
				GCC_WARN_64_TO_32_BIT_CONVERSION = YES;
				GCC_WARN_ABOUT_RETURN_TYPE = YES_ERROR;
				GCC_WARN_UNDECLARED_SELECTOR = YES;
				GCC_WARN_UNINITIALIZED_AUTOS = YES_AGGRESSIVE;
				GCC_WARN_UNUSED_FUNCTION = YES;
				GCC_WARN_UNUSED_VARIABLE = YES;
				IPHONEOS_DEPLOYMENT_TARGET = 9.3;
				MTL_ENABLE_DEBUG_INFO = YES;
				ONLY_ACTIVE_ARCH = YES;
				SDKROOT = iphoneos;
				TARGETED_DEVICE_FAMILY = "1,2";
				VERSIONING_SYSTEM = "apple-generic";
				VERSION_INFO_PREFIX = "";
			};
			name = Debug;
		};
		A61FEB221D25326800F770F1 /* Release */ = {
			isa = XCBuildConfiguration;
			buildSettings = {
				ALWAYS_SEARCH_USER_PATHS = NO;
				CLANG_ANALYZER_NONNULL = YES;
				CLANG_CXX_LANGUAGE_STANDARD = "gnu++0x";
				CLANG_CXX_LIBRARY = "libc++";
				CLANG_ENABLE_MODULES = YES;
				CLANG_ENABLE_OBJC_ARC = YES;
				CLANG_WARN_BOOL_CONVERSION = YES;
				CLANG_WARN_CONSTANT_CONVERSION = YES;
				CLANG_WARN_DIRECT_OBJC_ISA_USAGE = YES_ERROR;
				CLANG_WARN_EMPTY_BODY = YES;
				CLANG_WARN_ENUM_CONVERSION = YES;
				CLANG_WARN_INT_CONVERSION = YES;
				CLANG_WARN_OBJC_ROOT_CLASS = YES_ERROR;
				CLANG_WARN_UNREACHABLE_CODE = YES;
				CLANG_WARN__DUPLICATE_METHOD_MATCH = YES;
				"CODE_SIGN_IDENTITY[sdk=iphoneos*]" = "iPhone Developer";
				COPY_PHASE_STRIP = NO;
				CURRENT_PROJECT_VERSION = 1;
				DEBUG_INFORMATION_FORMAT = "dwarf-with-dsym";
				ENABLE_NS_ASSERTIONS = NO;
				ENABLE_STRICT_OBJC_MSGSEND = YES;
				GCC_C_LANGUAGE_STANDARD = gnu99;
				GCC_NO_COMMON_BLOCKS = YES;
				GCC_WARN_64_TO_32_BIT_CONVERSION = YES;
				GCC_WARN_ABOUT_RETURN_TYPE = YES_ERROR;
				GCC_WARN_UNDECLARED_SELECTOR = YES;
				GCC_WARN_UNINITIALIZED_AUTOS = YES_AGGRESSIVE;
				GCC_WARN_UNUSED_FUNCTION = YES;
				GCC_WARN_UNUSED_VARIABLE = YES;
				IPHONEOS_DEPLOYMENT_TARGET = 9.3;
				MTL_ENABLE_DEBUG_INFO = NO;
				SDKROOT = iphoneos;
				TARGETED_DEVICE_FAMILY = "1,2";
				VALIDATE_PRODUCT = YES;
				VERSIONING_SYSTEM = "apple-generic";
				VERSION_INFO_PREFIX = "";
			};
			name = Release;
		};
		A61FEB241D25326800F770F1 /* Debug */ = {
			isa = XCBuildConfiguration;
			buildSettings = {
				DEFINES_MODULE = YES;
				DYLIB_COMPATIBILITY_VERSION = 1;
				DYLIB_CURRENT_VERSION = 1;
				DYLIB_INSTALL_NAME_BASE = "@rpath";
				EMBEDDED_CONTENT_CONTAINS_SWIFT = YES;
				INFOPLIST_FILE = RNUberSDK/Info.plist;
				INSTALL_PATH = "$(LOCAL_LIBRARY_DIR)/Frameworks";
				LD_RUNPATH_SEARCH_PATHS = "$(inherited) @executable_path/Frameworks @loader_path/Frameworks";
				PRODUCT_BUNDLE_IDENTIFIER = com.oss.RNUberSDK;
				PRODUCT_NAME = "$(TARGET_NAME)";
				SKIP_INSTALL = YES;
			};
			name = Debug;
		};
		A61FEB251D25326800F770F1 /* Release */ = {
			isa = XCBuildConfiguration;
			buildSettings = {
				DEFINES_MODULE = YES;
				DYLIB_COMPATIBILITY_VERSION = 1;
				DYLIB_CURRENT_VERSION = 1;
				DYLIB_INSTALL_NAME_BASE = "@rpath";
				EMBEDDED_CONTENT_CONTAINS_SWIFT = YES;
				INFOPLIST_FILE = RNUberSDK/Info.plist;
				INSTALL_PATH = "$(LOCAL_LIBRARY_DIR)/Frameworks";
				LD_RUNPATH_SEARCH_PATHS = "$(inherited) @executable_path/Frameworks @loader_path/Frameworks";
				PRODUCT_BUNDLE_IDENTIFIER = com.oss.RNUberSDK;
				PRODUCT_NAME = "$(TARGET_NAME)";
				SKIP_INSTALL = YES;
			};
			name = Release;
		};
/* End XCBuildConfiguration section */

/* Begin XCConfigurationList section */
		A61FEB151D25326800F770F1 /* Build configuration list for PBXProject "RNUberSDK" */ = {
			isa = XCConfigurationList;
			buildConfigurations = (
				A61FEB211D25326800F770F1 /* Debug */,
				A61FEB221D25326800F770F1 /* Release */,
			);
			defaultConfigurationIsVisible = 0;
			defaultConfigurationName = Release;
		};
		A61FEB231D25326800F770F1 /* Build configuration list for PBXNativeTarget "RNUberSDK" */ = {
			isa = XCConfigurationList;
			buildConfigurations = (
				A61FEB241D25326800F770F1 /* Debug */,
				A61FEB251D25326800F770F1 /* Release */,
			);
			defaultConfigurationIsVisible = 0;
			defaultConfigurationName = Release;
		};
/* End XCConfigurationList section */
	};
	rootObject = A61FEB121D25326800F770F1 /* Project object */;
}
