// !$*UTF8*$!
{
	archiveVersion = 1;
	classes = {
	};
	objectVersion = 46;
	objects = {

/* Begin PBXBuildFile section */
		A64B94241D218C3800F40DCF /* LoginButton.m in Sources */ = {isa = PBXBuildFile; fileRef = A64B94211D218C3800F40DCF /* LoginButton.m */; };
		A64B94251D218C3800F40DCF /* LoginButtonManager.m in Sources */ = {isa = PBXBuildFile; fileRef = A64B94231D218C3800F40DCF /* LoginButtonManager.m */; };
/* End PBXBuildFile section */

/* Begin PBXContainerItemProxy section */
		A64B942F1D218CB300F40DCF /* PBXContainerItemProxy */ = {
			isa = PBXContainerItemProxy;
			containerPortal = A64B94281D218CB300F40DCF /* UberRides.xcodeproj */;
			proxyType = 2;
			remoteGlobalIDString = AC0404751BFACD1D00AC1501;
			remoteInfo = UberRides;
		};
/* End PBXContainerItemProxy section */

/* Begin PBXCopyFilesBuildPhase section */
		A64B93F41D218AD800F40DCF /* CopyFiles */ = {
			isa = PBXCopyFilesBuildPhase;
			buildActionMask = 2147483647;
			dstPath = "include/$(PRODUCT_NAME)";
			dstSubfolderSpec = 16;
			files = (
			);
			runOnlyForDeploymentPostprocessing = 0;
		};
/* End PBXCopyFilesBuildPhase section */

/* Begin PBXFileReference section */
		A64B93F61D218AD800F40DCF /* libRNUberSDK.a */ = {isa = PBXFileReference; explicitFileType = archive.ar; includeInIndex = 0; path = libRNUberSDK.a; sourceTree = BUILT_PRODUCTS_DIR; };
		A64B94201D218C3800F40DCF /* LoginButton.h */ = {isa = PBXFileReference; fileEncoding = 4; lastKnownFileType = sourcecode.c.h; path = LoginButton.h; sourceTree = "<group>"; };
		A64B94211D218C3800F40DCF /* LoginButton.m */ = {isa = PBXFileReference; fileEncoding = 4; lastKnownFileType = sourcecode.c.objc; path = LoginButton.m; sourceTree = "<group>"; };
		A64B94221D218C3800F40DCF /* LoginButtonManager.h */ = {isa = PBXFileReference; fileEncoding = 4; lastKnownFileType = sourcecode.c.h; path = LoginButtonManager.h; sourceTree = "<group>"; };
		A64B94231D218C3800F40DCF /* LoginButtonManager.m */ = {isa = PBXFileReference; fileEncoding = 4; lastKnownFileType = sourcecode.c.objc; path = LoginButtonManager.m; sourceTree = "<group>"; };
		A64B94281D218CB300F40DCF /* UberRides.xcodeproj */ = {isa = PBXFileReference; lastKnownFileType = "wrapper.pb-project"; name = UberRides.xcodeproj; path = ../UberRidesSDK/UberRides.xcodeproj; sourceTree = "<group>"; };
/* End PBXFileReference section */

/* Begin PBXFrameworksBuildPhase section */
		A64B93F31D218AD800F40DCF /* Frameworks */ = {
			isa = PBXFrameworksBuildPhase;
			buildActionMask = 2147483647;
			files = (
			);
			runOnlyForDeploymentPostprocessing = 0;
		};
/* End PBXFrameworksBuildPhase section */

/* Begin PBXGroup section */
		A64B93ED1D218AD800F40DCF = {
			isa = PBXGroup;
			children = (
				A64B94281D218CB300F40DCF /* UberRides.xcodeproj */,
				A64B93F81D218AD800F40DCF /* RNUberSDK */,
				A64B93F71D218AD800F40DCF /* Products */,
			);
			sourceTree = "<group>";
		};
		A64B93F71D218AD800F40DCF /* Products */ = {
			isa = PBXGroup;
			children = (
				A64B93F61D218AD800F40DCF /* libRNUberSDK.a */,
			);
			name = Products;
			sourceTree = "<group>";
		};
		A64B93F81D218AD800F40DCF /* RNUberSDK */ = {
			isa = PBXGroup;
			children = (
				A64B94201D218C3800F40DCF /* LoginButton.h */,
				A64B94211D218C3800F40DCF /* LoginButton.m */,
				A64B94221D218C3800F40DCF /* LoginButtonManager.h */,
				A64B94231D218C3800F40DCF /* LoginButtonManager.m */,
			);
			path = RNUberSDK;
			sourceTree = "<group>";
		};
		A64B94291D218CB300F40DCF /* Products */ = {
			isa = PBXGroup;
			children = (
				A64B94301D218CB300F40DCF /* UberRides.framework */,
			);
			name = Products;
			sourceTree = "<group>";
		};
/* End PBXGroup section */

/* Begin PBXNativeTarget section */
		A64B93F51D218AD800F40DCF /* RNUberSDK */ = {
			isa = PBXNativeTarget;
			buildConfigurationList = A64B93FF1D218AD800F40DCF /* Build configuration list for PBXNativeTarget "RNUberSDK" */;
			buildPhases = (
				A64B93F21D218AD800F40DCF /* Sources */,
				A64B93F31D218AD800F40DCF /* Frameworks */,
				A64B93F41D218AD800F40DCF /* CopyFiles */,
			);
			buildRules = (
			);
			dependencies = (
			);
			name = RNUberSDK;
			productName = RNUberSDK;
			productReference = A64B93F61D218AD800F40DCF /* libRNUberSDK.a */;
			productType = "com.apple.product-type.library.static";
		};
/* End PBXNativeTarget section */

/* Begin PBXProject section */
		A64B93EE1D218AD800F40DCF /* Project object */ = {
			isa = PBXProject;
			attributes = {
				LastUpgradeCheck = 0730;
				ORGANIZATIONNAME = RNUber;
				TargetAttributes = {
					A64B93F51D218AD800F40DCF = {
						CreatedOnToolsVersion = 7.3.1;
						DevelopmentTeam = J966JLDEF9;
					};
				};
			};
			buildConfigurationList = A64B93F11D218AD800F40DCF /* Build configuration list for PBXProject "RNUberSDK" */;
			compatibilityVersion = "Xcode 3.2";
			developmentRegion = English;
			hasScannedForEncodings = 0;
			knownRegions = (
				en,
			);
			mainGroup = A64B93ED1D218AD800F40DCF;
			productRefGroup = A64B93F71D218AD800F40DCF /* Products */;
			projectDirPath = "";
			projectReferences = (
				{
					ProductGroup = A64B94291D218CB300F40DCF /* Products */;
					ProjectRef = A64B94281D218CB300F40DCF /* UberRides.xcodeproj */;
				},
			);
			projectRoot = "";
			targets = (
				A64B93F51D218AD800F40DCF /* RNUberSDK */,
			);
		};
/* End PBXProject section */

/* Begin PBXReferenceProxy section */
		A64B94301D218CB300F40DCF /* UberRides.framework */ = {
			isa = PBXReferenceProxy;
			fileType = wrapper.framework;
			path = UberRides.framework;
			remoteRef = A64B942F1D218CB300F40DCF /* PBXContainerItemProxy */;
			sourceTree = BUILT_PRODUCTS_DIR;
		};
/* End PBXReferenceProxy section */

/* Begin PBXSourcesBuildPhase section */
		A64B93F21D218AD800F40DCF /* Sources */ = {
			isa = PBXSourcesBuildPhase;
			buildActionMask = 2147483647;
			files = (
				A64B94241D218C3800F40DCF /* LoginButton.m in Sources */,
				A64B94251D218C3800F40DCF /* LoginButtonManager.m in Sources */,
			);
			runOnlyForDeploymentPostprocessing = 0;
		};
/* End PBXSourcesBuildPhase section */

/* Begin XCBuildConfiguration section */
		A64B93FD1D218AD800F40DCF /* Debug */ = {
			isa = XCBuildConfiguration;
			buildSettings = {
				ALWAYS_SEARCH_USER_PATHS = NO;
				CLANG_ANALYZER_NONNULL = YES;
				CLANG_CXX_LANGUAGE_STANDARD = "gnu++0x";
				CLANG_CXX_LIBRARY = "libc++";
				CLANG_ENABLE_MODULES = YES;
				CLANG_ENABLE_OBJC_ARC = YES;
				CLANG_WARN_BOOL_CONVERSION = YES;
				CLANG_WARN_CONSTANT_CONVERSION = YES;
				CLANG_WARN_DIRECT_OBJC_ISA_USAGE = YES_ERROR;
				CLANG_WARN_EMPTY_BODY = YES;
				CLANG_WARN_ENUM_CONVERSION = YES;
				CLANG_WARN_INT_CONVERSION = YES;
				CLANG_WARN_OBJC_ROOT_CLASS = YES_ERROR;
				CLANG_WARN_UNREACHABLE_CODE = YES;
				CLANG_WARN__DUPLICATE_METHOD_MATCH = YES;
				"CODE_SIGN_IDENTITY[sdk=iphoneos*]" = "iPhone Developer";
				COPY_PHASE_STRIP = NO;
				DEBUG_INFORMATION_FORMAT = dwarf;
				ENABLE_STRICT_OBJC_MSGSEND = YES;
				ENABLE_TESTABILITY = YES;
				GCC_C_LANGUAGE_STANDARD = gnu99;
				GCC_DYNAMIC_NO_PIC = NO;
				GCC_NO_COMMON_BLOCKS = YES;
				GCC_OPTIMIZATION_LEVEL = 0;
				GCC_PREPROCESSOR_DEFINITIONS = (
					"DEBUG=1",
					"$(inherited)",
				);
				GCC_WARN_64_TO_32_BIT_CONVERSION = YES;
				GCC_WARN_ABOUT_RETURN_TYPE = YES_ERROR;
				GCC_WARN_UNDECLARED_SELECTOR = YES;
				GCC_WARN_UNINITIALIZED_AUTOS = YES_AGGRESSIVE;
				GCC_WARN_UNUSED_FUNCTION = YES;
				GCC_WARN_UNUSED_VARIABLE = YES;
				IPHONEOS_DEPLOYMENT_TARGET = 9.3;
				MTL_ENABLE_DEBUG_INFO = YES;
				ONLY_ACTIVE_ARCH = YES;
				SDKROOT = iphoneos;
			};
			name = Debug;
		};
		A64B93FE1D218AD800F40DCF /* Release */ = {
			isa = XCBuildConfiguration;
			buildSettings = {
				ALWAYS_SEARCH_USER_PATHS = NO;
				CLANG_ANALYZER_NONNULL = YES;
				CLANG_CXX_LANGUAGE_STANDARD = "gnu++0x";
				CLANG_CXX_LIBRARY = "libc++";
				CLANG_ENABLE_MODULES = YES;
				CLANG_ENABLE_OBJC_ARC = YES;
				CLANG_WARN_BOOL_CONVERSION = YES;
				CLANG_WARN_CONSTANT_CONVERSION = YES;
				CLANG_WARN_DIRECT_OBJC_ISA_USAGE = YES_ERROR;
				CLANG_WARN_EMPTY_BODY = YES;
				CLANG_WARN_ENUM_CONVERSION = YES;
				CLANG_WARN_INT_CONVERSION = YES;
				CLANG_WARN_OBJC_ROOT_CLASS = YES_ERROR;
				CLANG_WARN_UNREACHABLE_CODE = YES;
				CLANG_WARN__DUPLICATE_METHOD_MATCH = YES;
				"CODE_SIGN_IDENTITY[sdk=iphoneos*]" = "iPhone Developer";
				COPY_PHASE_STRIP = NO;
				DEBUG_INFORMATION_FORMAT = "dwarf-with-dsym";
				ENABLE_NS_ASSERTIONS = NO;
				ENABLE_STRICT_OBJC_MSGSEND = YES;
				GCC_C_LANGUAGE_STANDARD = gnu99;
				GCC_NO_COMMON_BLOCKS = YES;
				GCC_WARN_64_TO_32_BIT_CONVERSION = YES;
				GCC_WARN_ABOUT_RETURN_TYPE = YES_ERROR;
				GCC_WARN_UNDECLARED_SELECTOR = YES;
				GCC_WARN_UNINITIALIZED_AUTOS = YES_AGGRESSIVE;
				GCC_WARN_UNUSED_FUNCTION = YES;
				GCC_WARN_UNUSED_VARIABLE = YES;
				IPHONEOS_DEPLOYMENT_TARGET = 9.3;
				MTL_ENABLE_DEBUG_INFO = NO;
				SDKROOT = iphoneos;
				VALIDATE_PRODUCT = YES;
			};
			name = Release;
		};
		A64B94001D218AD800F40DCF /* Debug */ = {
			isa = XCBuildConfiguration;
			buildSettings = {
				EMBEDDED_CONTENT_CONTAINS_SWIFT = NO;
				HEADER_SEARCH_PATHS = (
					"$(SRCROOT)/../../react-native/React/**",
					"$(SRCROOT)/../UberRidesSDK/**",
				);
				OTHER_LDFLAGS = "-ObjC";
				PRODUCT_NAME = "$(TARGET_NAME)";
				SKIP_INSTALL = YES;
			};
			name = Debug;
		};
		A64B94011D218AD800F40DCF /* Release */ = {
			isa = XCBuildConfiguration;
			buildSettings = {
				EMBEDDED_CONTENT_CONTAINS_SWIFT = NO;
				HEADER_SEARCH_PATHS = (
					"$(SRCROOT)/../../react-native/React/**",
					"$(SRCROOT)/../UberRidesSDK/**",
				);
				OTHER_LDFLAGS = "-ObjC";
				PRODUCT_NAME = "$(TARGET_NAME)";
				SKIP_INSTALL = YES;
			};
			name = Release;
		};
/* End XCBuildConfiguration section */

/* Begin XCConfigurationList section */
		A64B93F11D218AD800F40DCF /* Build configuration list for PBXProject "RNUberSDK" */ = {
			isa = XCConfigurationList;
			buildConfigurations = (
				A64B93FD1D218AD800F40DCF /* Debug */,
				A64B93FE1D218AD800F40DCF /* Release */,
			);
			defaultConfigurationIsVisible = 0;
			defaultConfigurationName = Release;
		};
		A64B93FF1D218AD800F40DCF /* Build configuration list for PBXNativeTarget "RNUberSDK" */ = {
			isa = XCConfigurationList;
			buildConfigurations = (
				A64B94001D218AD800F40DCF /* Debug */,
				A64B94011D218AD800F40DCF /* Release */,
			);
			defaultConfigurationIsVisible = 0;
			defaultConfigurationName = Release;
		};
/* End XCConfigurationList section */
	};
	rootObject = A64B93EE1D218AD800F40DCF /* Project object */;
}
