// !$*UTF8*$!
{
	archiveVersion = 1;
	classes = {
	};
	objectVersion = 46;
	objects = {

/* Begin PBXBuildFile section */
		A63BE32C1D2732D20060FEA6 /* LoginButton.m in Sources */ = {isa = PBXBuildFile; fileRef = A63BE3251D2732D20060FEA6 /* LoginButton.m */; };
		A63BE32D1D2732D20060FEA6 /* LoginButtonManager.m in Sources */ = {isa = PBXBuildFile; fileRef = A63BE3271D2732D20060FEA6 /* LoginButtonManager.m */; };
		A63BE32E1D2732D20060FEA6 /* RideRequestButton.m in Sources */ = {isa = PBXBuildFile; fileRef = A63BE3291D2732D20060FEA6 /* RideRequestButton.m */; };
		A63BE32F1D2732D20060FEA6 /* RideRequestButtonManager.m in Sources */ = {isa = PBXBuildFile; fileRef = A63BE32B1D2732D20060FEA6 /* RideRequestButtonManager.m */; };
		A65D594C1D297B65007D301E /* RNUberSDK.framework in Frameworks */ = {isa = PBXBuildFile; fileRef = A65D594B1D297B60007D301E /* RNUberSDK.framework */; };
/* End PBXBuildFile section */

/* Begin PBXContainerItemProxy section */
		A65D594A1D297B60007D301E /* PBXContainerItemProxy */ = {
			isa = PBXContainerItemProxy;
			containerPortal = A65D59411D297B60007D301E /* RNUberSDK.xcodeproj */;
			proxyType = 2;
			remoteGlobalIDString = A61FEB1B1D25326800F770F1;
			remoteInfo = RNUberSDK;
		};
/* End PBXContainerItemProxy section */

/* Begin PBXCopyFilesBuildPhase section */
		A63BE3161D27329D0060FEA6 /* CopyFiles */ = {
			isa = PBXCopyFilesBuildPhase;
			buildActionMask = 2147483647;
			dstPath = "include/$(PRODUCT_NAME)";
			dstSubfolderSpec = 16;
			files = (
			);
			runOnlyForDeploymentPostprocessing = 0;
		};
/* End PBXCopyFilesBuildPhase section */

/* Begin PBXFileReference section */
		A63BE3181D27329D0060FEA6 /* libRNUberBridge.a */ = {isa = PBXFileReference; explicitFileType = archive.ar; includeInIndex = 0; path = libRNUberBridge.a; sourceTree = BUILT_PRODUCTS_DIR; };
		A63BE3241D2732D20060FEA6 /* LoginButton.h */ = {isa = PBXFileReference; fileEncoding = 4; lastKnownFileType = sourcecode.c.h; path = LoginButton.h; sourceTree = "<group>"; };
		A63BE3251D2732D20060FEA6 /* LoginButton.m */ = {isa = PBXFileReference; fileEncoding = 4; lastKnownFileType = sourcecode.c.objc; path = LoginButton.m; sourceTree = "<group>"; };
		A63BE3261D2732D20060FEA6 /* LoginButtonManager.h */ = {isa = PBXFileReference; fileEncoding = 4; lastKnownFileType = sourcecode.c.h; path = LoginButtonManager.h; sourceTree = "<group>"; };
		A63BE3271D2732D20060FEA6 /* LoginButtonManager.m */ = {isa = PBXFileReference; fileEncoding = 4; lastKnownFileType = sourcecode.c.objc; path = LoginButtonManager.m; sourceTree = "<group>"; };
		A63BE3281D2732D20060FEA6 /* RideRequestButton.h */ = {isa = PBXFileReference; fileEncoding = 4; lastKnownFileType = sourcecode.c.h; path = RideRequestButton.h; sourceTree = "<group>"; };
		A63BE3291D2732D20060FEA6 /* RideRequestButton.m */ = {isa = PBXFileReference; fileEncoding = 4; lastKnownFileType = sourcecode.c.objc; path = RideRequestButton.m; sourceTree = "<group>"; };
		A63BE32A1D2732D20060FEA6 /* RideRequestButtonManager.h */ = {isa = PBXFileReference; fileEncoding = 4; lastKnownFileType = sourcecode.c.h; path = RideRequestButtonManager.h; sourceTree = "<group>"; };
		A63BE32B1D2732D20060FEA6 /* RideRequestButtonManager.m */ = {isa = PBXFileReference; fileEncoding = 4; lastKnownFileType = sourcecode.c.objc; path = RideRequestButtonManager.m; sourceTree = "<group>"; };
		A65D59411D297B60007D301E /* RNUberSDK.xcodeproj */ = {isa = PBXFileReference; lastKnownFileType = "wrapper.pb-project"; name = RNUberSDK.xcodeproj; path = ../RNUberSDK/RNUberSDK.xcodeproj; sourceTree = "<group>"; };
/* End PBXFileReference section */

/* Begin PBXFrameworksBuildPhase section */
		A63BE3151D27329D0060FEA6 /* Frameworks */ = {
			isa = PBXFrameworksBuildPhase;
			buildActionMask = 2147483647;
			files = (
				A65D594C1D297B65007D301E /* RNUberSDK.framework in Frameworks */,
			);
			runOnlyForDeploymentPostprocessing = 0;
		};
/* End PBXFrameworksBuildPhase section */

/* Begin PBXGroup section */
		A63BE30F1D27329D0060FEA6 = {
			isa = PBXGroup;
			children = (
				A65D59411D297B60007D301E /* RNUberSDK.xcodeproj */,
				A63BE31A1D27329D0060FEA6 /* RNUberBridge */,
				A63BE3191D27329D0060FEA6 /* Products */,
			);
			sourceTree = "<group>";
		};
		A63BE3191D27329D0060FEA6 /* Products */ = {
			isa = PBXGroup;
			children = (
				A63BE3181D27329D0060FEA6 /* libRNUberBridge.a */,
			);
			name = Products;
			sourceTree = "<group>";
		};
		A63BE31A1D27329D0060FEA6 /* RNUberBridge */ = {
			isa = PBXGroup;
			children = (
				A63BE3241D2732D20060FEA6 /* LoginButton.h */,
				A63BE3251D2732D20060FEA6 /* LoginButton.m */,
				A63BE3261D2732D20060FEA6 /* LoginButtonManager.h */,
				A63BE3271D2732D20060FEA6 /* LoginButtonManager.m */,
				A63BE3281D2732D20060FEA6 /* RideRequestButton.h */,
				A63BE3291D2732D20060FEA6 /* RideRequestButton.m */,
				A63BE32A1D2732D20060FEA6 /* RideRequestButtonManager.h */,
				A63BE32B1D2732D20060FEA6 /* RideRequestButtonManager.m */,
			);
			path = RNUberBridge;
			sourceTree = "<group>";
		};
		A65D59421D297B60007D301E /* Products */ = {
			isa = PBXGroup;
			children = (
				A65D594B1D297B60007D301E /* RNUberSDK.framework */,
			);
			name = Products;
			sourceTree = "<group>";
		};
/* End PBXGroup section */

/* Begin PBXNativeTarget section */
		A63BE3171D27329D0060FEA6 /* RNUberBridge */ = {
			isa = PBXNativeTarget;
			buildConfigurationList = A63BE3211D27329E0060FEA6 /* Build configuration list for PBXNativeTarget "RNUberBridge" */;
			buildPhases = (
				A63BE3141D27329D0060FEA6 /* Sources */,
				A63BE3151D27329D0060FEA6 /* Frameworks */,
				A63BE3161D27329D0060FEA6 /* CopyFiles */,
			);
			buildRules = (
			);
			dependencies = (
			);
			name = RNUberBridge;
			productName = RNUberBridge;
			productReference = A63BE3181D27329D0060FEA6 /* libRNUberBridge.a */;
			productType = "com.apple.product-type.library.static";
		};
/* End PBXNativeTarget section */

/* Begin PBXProject section */
		A63BE3101D27329D0060FEA6 /* Project object */ = {
			isa = PBXProject;
			attributes = {
				LastUpgradeCheck = 0730;
				ORGANIZATIONNAME = oss;
				TargetAttributes = {
					A63BE3171D27329D0060FEA6 = {
						CreatedOnToolsVersion = 7.3.1;
						DevelopmentTeam = J966JLDEF9;
					};
				};
			};
			buildConfigurationList = A63BE3131D27329D0060FEA6 /* Build configuration list for PBXProject "RNUberBridge" */;
			compatibilityVersion = "Xcode 3.2";
			developmentRegion = English;
			hasScannedForEncodings = 0;
			knownRegions = (
				en,
			);
			mainGroup = A63BE30F1D27329D0060FEA6;
			productRefGroup = A63BE3191D27329D0060FEA6 /* Products */;
			projectDirPath = "";
			projectReferences = (
				{
					ProductGroup = A65D59421D297B60007D301E /* Products */;
					ProjectRef = A65D59411D297B60007D301E /* RNUberSDK.xcodeproj */;
				},
			);
			projectRoot = "";
			targets = (
				A63BE3171D27329D0060FEA6 /* RNUberBridge */,
			);
		};
/* End PBXProject section */

/* Begin PBXReferenceProxy section */
		A65D594B1D297B60007D301E /* RNUberSDK.framework */ = {
			isa = PBXReferenceProxy;
			fileType = wrapper.framework;
			path = RNUberSDK.framework;
			remoteRef = A65D594A1D297B60007D301E /* PBXContainerItemProxy */;
			sourceTree = BUILT_PRODUCTS_DIR;
		};
/* End PBXReferenceProxy section */

/* Begin PBXSourcesBuildPhase section */
		A63BE3141D27329D0060FEA6 /* Sources */ = {
			isa = PBXSourcesBuildPhase;
			buildActionMask = 2147483647;
			files = (
				A63BE32E1D2732D20060FEA6 /* RideRequestButton.m in Sources */,
				A63BE32F1D2732D20060FEA6 /* RideRequestButtonManager.m in Sources */,
				A63BE32C1D2732D20060FEA6 /* LoginButton.m in Sources */,
				A63BE32D1D2732D20060FEA6 /* LoginButtonManager.m in Sources */,
			);
			runOnlyForDeploymentPostprocessing = 0;
		};
/* End PBXSourcesBuildPhase section */

/* Begin XCBuildConfiguration section */
		A63BE31F1D27329E0060FEA6 /* Debug */ = {
			isa = XCBuildConfiguration;
			buildSettings = {
				ALWAYS_SEARCH_USER_PATHS = NO;
				CLANG_ANALYZER_NONNULL = YES;
				CLANG_CXX_LANGUAGE_STANDARD = "gnu++0x";
				CLANG_CXX_LIBRARY = "libc++";
				CLANG_ENABLE_MODULES = YES;
				CLANG_ENABLE_OBJC_ARC = YES;
				CLANG_WARN_BOOL_CONVERSION = YES;
				CLANG_WARN_CONSTANT_CONVERSION = YES;
				CLANG_WARN_DIRECT_OBJC_ISA_USAGE = YES_ERROR;
				CLANG_WARN_EMPTY_BODY = YES;
				CLANG_WARN_ENUM_CONVERSION = YES;
				CLANG_WARN_INT_CONVERSION = YES;
				CLANG_WARN_OBJC_ROOT_CLASS = YES_ERROR;
				CLANG_WARN_UNREACHABLE_CODE = YES;
				CLANG_WARN__DUPLICATE_METHOD_MATCH = YES;
				"CODE_SIGN_IDENTITY[sdk=iphoneos*]" = "iPhone Developer";
				COPY_PHASE_STRIP = NO;
				DEBUG_INFORMATION_FORMAT = dwarf;
				ENABLE_STRICT_OBJC_MSGSEND = YES;
				ENABLE_TESTABILITY = YES;
				GCC_C_LANGUAGE_STANDARD = gnu99;
				GCC_DYNAMIC_NO_PIC = NO;
				GCC_NO_COMMON_BLOCKS = YES;
				GCC_OPTIMIZATION_LEVEL = 0;
				GCC_PREPROCESSOR_DEFINITIONS = (
					"DEBUG=1",
					"$(inherited)",
				);
				GCC_WARN_64_TO_32_BIT_CONVERSION = YES;
				GCC_WARN_ABOUT_RETURN_TYPE = YES_ERROR;
				GCC_WARN_UNDECLARED_SELECTOR = YES;
				GCC_WARN_UNINITIALIZED_AUTOS = YES_AGGRESSIVE;
				GCC_WARN_UNUSED_FUNCTION = YES;
				GCC_WARN_UNUSED_VARIABLE = YES;
				IPHONEOS_DEPLOYMENT_TARGET = 9.3;
				MTL_ENABLE_DEBUG_INFO = YES;
				ONLY_ACTIVE_ARCH = YES;
				SDKROOT = iphoneos;
			};
			name = Debug;
		};
		A63BE3201D27329E0060FEA6 /* Release */ = {
			isa = XCBuildConfiguration;
			buildSettings = {
				ALWAYS_SEARCH_USER_PATHS = NO;
				CLANG_ANALYZER_NONNULL = YES;
				CLANG_CXX_LANGUAGE_STANDARD = "gnu++0x";
				CLANG_CXX_LIBRARY = "libc++";
				CLANG_ENABLE_MODULES = YES;
				CLANG_ENABLE_OBJC_ARC = YES;
				CLANG_WARN_BOOL_CONVERSION = YES;
				CLANG_WARN_CONSTANT_CONVERSION = YES;
				CLANG_WARN_DIRECT_OBJC_ISA_USAGE = YES_ERROR;
				CLANG_WARN_EMPTY_BODY = YES;
				CLANG_WARN_ENUM_CONVERSION = YES;
				CLANG_WARN_INT_CONVERSION = YES;
				CLANG_WARN_OBJC_ROOT_CLASS = YES_ERROR;
				CLANG_WARN_UNREACHABLE_CODE = YES;
				CLANG_WARN__DUPLICATE_METHOD_MATCH = YES;
				"CODE_SIGN_IDENTITY[sdk=iphoneos*]" = "iPhone Developer";
				COPY_PHASE_STRIP = NO;
				DEBUG_INFORMATION_FORMAT = "dwarf-with-dsym";
				ENABLE_NS_ASSERTIONS = NO;
				ENABLE_STRICT_OBJC_MSGSEND = YES;
				GCC_C_LANGUAGE_STANDARD = gnu99;
				GCC_NO_COMMON_BLOCKS = YES;
				GCC_WARN_64_TO_32_BIT_CONVERSION = YES;
				GCC_WARN_ABOUT_RETURN_TYPE = YES_ERROR;
				GCC_WARN_UNDECLARED_SELECTOR = YES;
				GCC_WARN_UNINITIALIZED_AUTOS = YES_AGGRESSIVE;
				GCC_WARN_UNUSED_FUNCTION = YES;
				GCC_WARN_UNUSED_VARIABLE = YES;
				IPHONEOS_DEPLOYMENT_TARGET = 9.3;
				MTL_ENABLE_DEBUG_INFO = NO;
				SDKROOT = iphoneos;
				VALIDATE_PRODUCT = YES;
			};
			name = Release;
		};
		A63BE3221D27329E0060FEA6 /* Debug */ = {
			isa = XCBuildConfiguration;
			buildSettings = {
				EMBEDDED_CONTENT_CONTAINS_SWIFT = YES;
				HEADER_SEARCH_PATHS = (
					"$(inherited)",
					"$(SRCROOT)/../**",
					"$(SRCROOT)/../../react-native/React/**",
				);
				OTHER_LDFLAGS = "-ObjC";
				PRODUCT_NAME = "$(TARGET_NAME)";
				SKIP_INSTALL = YES;
			};
			name = Debug;
		};
		A63BE3231D27329E0060FEA6 /* Release */ = {
			isa = XCBuildConfiguration;
			buildSettings = {
				EMBEDDED_CONTENT_CONTAINS_SWIFT = YES;
				HEADER_SEARCH_PATHS = (
					"$(inherited)",
					"$(SRCROOT)/../**",
					"$(SRCROOT)/../../react-native/React/**",
				);
				OTHER_LDFLAGS = "-ObjC";
				PRODUCT_NAME = "$(TARGET_NAME)";
				SKIP_INSTALL = YES;
			};
			name = Release;
		};
/* End XCBuildConfiguration section */

/* Begin XCConfigurationList section */
		A63BE3131D27329D0060FEA6 /* Build configuration list for PBXProject "RNUberBridge" */ = {
			isa = XCConfigurationList;
			buildConfigurations = (
				A63BE31F1D27329E0060FEA6 /* Debug */,
				A63BE3201D27329E0060FEA6 /* Release */,
			);
			defaultConfigurationIsVisible = 0;
			defaultConfigurationName = Release;
		};
		A63BE3211D27329E0060FEA6 /* Build configuration list for PBXNativeTarget "RNUberBridge" */ = {
			isa = XCConfigurationList;
			buildConfigurations = (
				A63BE3221D27329E0060FEA6 /* Debug */,
				A63BE3231D27329E0060FEA6 /* Release */,
			);
			defaultConfigurationIsVisible = 0;
			defaultConfigurationName = Release;
		};
/* End XCConfigurationList section */
	};
	rootObject = A63BE3101D27329D0060FEA6 /* Project object */;
}
